
Microsoft Visual Studio Solution File, Format Version 12.00
# Visual Studio Version 16
VisualStudioVersion = 16.0.31410.357
MinimumVisualStudioVersion = 10.0.40219.1
Project("{9A19103F-16F7-4668-BE54-9A1E7A4F7556}") = "TMS.Common", "TMS.Common\TMS.Common.csproj", "{FC894367-15FE-4D9D-AC60-CA84960C68D6}"
EndProject
Project("{9A19103F-16F7-4668-BE54-9A1E7A4F7556}") = "TMS.DataAccess", "TMS.DataAccess\TMS.DataAccess.csproj", "{9C83BE9A-F9FF-41E1-879B-113055E7D297}"
EndProject
Project("{9A19103F-16F7-4668-BE54-9A1E7A4F7556}") = "TMS.BusinessLayer", "TMS.BusinessLayer\TMS.BusinessLayer.csproj", "{A92EAE46-423E-4FC5-9F9B-3C8BF5EED024}"
EndProject
Project("{FAE04EC0-301F-11D3-BF4B-00C04F79EFBC}") = "TMS.ServiceApp", "TMS.ServiceApp\TMS.ServiceApp.csproj", "{023686E0-7A44-44A6-80BC-D97B571835FB}"
EndProject
Global
	GlobalSection(SolutionConfigurationPlatforms) = preSolution
		Debug|Any CPU = Debug|Any CPU
		Release|Any CPU = Release|Any CPU
	EndGlobalSection
	GlobalSection(ProjectConfigurationPlatforms) = postSolution
		{FC894367-15FE-4D9D-AC60-CA84960C68D6}.Debug|Any CPU.ActiveCfg = Debug|Any CPU
		{FC894367-15FE-4D9D-AC60-CA84960C68D6}.Debug|Any CPU.Build.0 = Debug|Any CPU
		{FC894367-15FE-4D9D-AC60-CA84960C68D6}.Release|Any CPU.ActiveCfg = Release|Any CPU
		{FC894367-15FE-4D9D-AC60-CA84960C68D6}.Release|Any CPU.Build.0 = Release|Any CPU
		{9C83BE9A-F9FF-41E1-879B-113055E7D297}.Debug|Any CPU.ActiveCfg = Debug|Any CPU
		{9C83BE9A-F9FF-41E1-879B-113055E7D297}.Debug|Any CPU.Build.0 = Debug|Any CPU
		{9C83BE9A-F9FF-41E1-879B-113055E7D297}.Release|Any CPU.ActiveCfg = Release|Any CPU
		{9C83BE9A-F9FF-41E1-879B-113055E7D297}.Release|Any CPU.Build.0 = Release|Any CPU
		{A92EAE46-423E-4FC5-9F9B-3C8BF5EED024}.Debug|Any CPU.ActiveCfg = Debug|Any CPU
		{A92EAE46-423E-4FC5-9F9B-3C8BF5EED024}.Debug|Any CPU.Build.0 = Debug|Any CPU
		{A92EAE46-423E-4FC5-9F9B-3C8BF5EED024}.Release|Any CPU.ActiveCfg = Release|Any CPU
		{A92EAE46-423E-4FC5-9F9B-3C8BF5EED024}.Release|Any CPU.Build.0 = Release|Any CPU
		{023686E0-7A44-44A6-80BC-D97B571835FB}.Debug|Any CPU.ActiveCfg = Debug|Any CPU
		{023686E0-7A44-44A6-80BC-D97B571835FB}.Debug|Any CPU.Build.0 = Debug|Any CPU
		{023686E0-7A44-44A6-80BC-D97B571835FB}.Release|Any CPU.ActiveCfg = Release|Any CPU
		{023686E0-7A44-44A6-80BC-D97B571835FB}.Release|Any CPU.Build.0 = Release|Any CPU
	EndGlobalSection
	GlobalSection(SolutionProperties) = preSolution
		HideSolutionNode = FALSE
	EndGlobalSection
	GlobalSection(ExtensibilityGlobals) = postSolution
		SolutionGuid = {796A468C-1043-4BD7-B122-D166A929FDB8}
	EndGlobalSection
EndGlobal
